
Microsoft Visual Studio Solution File, Format Version 12.00
# Visual Studio Version 17
VisualStudioVersion = 17.6.33829.357
MinimumVisualStudioVersion = 10.0.40219.1
Project("{FAE04EC0-301F-11D3-BF4B-00C04F79EFBC}") = "APBD2", "APBD2.csproj", "{B9CE6A1A-EC87-49E9-8F20-24477D8141DC}"
EndProject
Global
	GlobalSection(SolutionConfigurationPlatforms) = preSolution
		Debug|Any CPU = Debug|Any CPU
		Release|Any CPU = Release|Any CPU
	EndGlobalSection
	GlobalSection(ProjectConfigurationPlatforms) = postSolution
		{B9CE6A1A-EC87-49E9-8F20-24477D8141DC}.Debug|Any CPU.ActiveCfg = Debug|Any CPU
		{B9CE6A1A-EC87-49E9-8F20-24477D8141DC}.Debug|Any CPU.Build.0 = Debug|Any CPU
		{B9CE6A1A-EC87-49E9-8F20-24477D8141DC}.Release|Any CPU.ActiveCfg = Release|Any CPU
		{B9CE6A1A-EC87-49E9-8F20-24477D8141DC}.Release|Any CPU.Build.0 = Release|Any CPU
	EndGlobalSection
	GlobalSection(SolutionProperties) = preSolution
		HideSolutionNode = FALSE
	EndGlobalSection
	GlobalSection(ExtensibilityGlobals) = postSolution
		SolutionGuid = {8FB9EB4B-09D4-4720-9A88-075D35E780D1}
	EndGlobalSection
EndGlobal
